
Microsoft Visual Studio Solution File, Format Version 12.00
# Visual Studio Version 16
VisualStudioVersion = 16.0.28803.452
MinimumVisualStudioVersion = 10.0.40219.1
Project("{FAE04EC0-301F-11D3-BF4B-00C04F79EFBC}") = "PrintSpoolerAndApp", "PrintSpoolerAndApp\PrintSpoolerAndApp.csproj", "{CB57B1B0-51B8-4752-A032-55E068504D44}"
EndProject
Project("{FAE04EC0-301F-11D3-BF4B-00C04F79EFBC}") = "PrinterLib", "PrinterLib\PrinterLib.csproj", "{16416068-5A10-4C67-8FDC-4CE5459303F8}"
EndProject
Project("{FAE04EC0-301F-11D3-BF4B-00C04F79EFBC}") = "PrinterLib.Test", "PrinterLib.Test\PrinterLib.Test.csproj", "{E7246D1B-80C8-4A2E-AB26-7448CACAAB27}"
EndProject
Global
	GlobalSection(SolutionConfigurationPlatforms) = preSolution
		Debug|Any CPU = Debug|Any CPU
		Release|Any CPU = Release|Any CPU
	EndGlobalSection
	GlobalSection(ProjectConfigurationPlatforms) = postSolution
		{CB57B1B0-51B8-4752-A032-55E068504D44}.Debug|Any CPU.ActiveCfg = Debug|Any CPU
		{CB57B1B0-51B8-4752-A032-55E068504D44}.Debug|Any CPU.Build.0 = Debug|Any CPU
		{CB57B1B0-51B8-4752-A032-55E068504D44}.Release|Any CPU.ActiveCfg = Release|Any CPU
		{CB57B1B0-51B8-4752-A032-55E068504D44}.Release|Any CPU.Build.0 = Release|Any CPU
		{16416068-5A10-4C67-8FDC-4CE5459303F8}.Debug|Any CPU.ActiveCfg = Debug|Any CPU
		{16416068-5A10-4C67-8FDC-4CE5459303F8}.Debug|Any CPU.Build.0 = Debug|Any CPU
		{16416068-5A10-4C67-8FDC-4CE5459303F8}.Release|Any CPU.ActiveCfg = Release|Any CPU
		{16416068-5A10-4C67-8FDC-4CE5459303F8}.Release|Any CPU.Build.0 = Release|Any CPU
		{E7246D1B-80C8-4A2E-AB26-7448CACAAB27}.Debug|Any CPU.ActiveCfg = Debug|Any CPU
		{E7246D1B-80C8-4A2E-AB26-7448CACAAB27}.Debug|Any CPU.Build.0 = Debug|Any CPU
		{E7246D1B-80C8-4A2E-AB26-7448CACAAB27}.Release|Any CPU.ActiveCfg = Release|Any CPU
		{E7246D1B-80C8-4A2E-AB26-7448CACAAB27}.Release|Any CPU.Build.0 = Release|Any CPU
	EndGlobalSection
	GlobalSection(SolutionProperties) = preSolution
		HideSolutionNode = FALSE
	EndGlobalSection
	GlobalSection(ExtensibilityGlobals) = postSolution
		SolutionGuid = {39D569A1-ACFD-4DB7-8FD8-3883D344AC42}
	EndGlobalSection
EndGlobal
